
Microsoft Visual Studio Solution File, Format Version 12.00
# Visual Studio Version 17
VisualStudioVersion = 17.14.36603.0 d17.14
MinimumVisualStudioVersion = 10.0.40219.1
Project("{FAE04EC0-301F-11D3-BF4B-00C04F79EFBC}") = "11", "11\11.csproj", "{CCFAFB8A-2EC6-4544-9EC4-0AD87EC09915}"
EndProject
Global
	GlobalSection(SolutionConfigurationPlatforms) = preSolution
		Debug|Any CPU = Debug|Any CPU
		Release|Any CPU = Release|Any CPU
	EndGlobalSection
	GlobalSection(ProjectConfigurationPlatforms) = postSolution
		{CCFAFB8A-2EC6-4544-9EC4-0AD87EC09915}.Debug|Any CPU.ActiveCfg = Debug|Any CPU
		{CCFAFB8A-2EC6-4544-9EC4-0AD87EC09915}.Debug|Any CPU.Build.0 = Debug|Any CPU
		{CCFAFB8A-2EC6-4544-9EC4-0AD87EC09915}.Release|Any CPU.ActiveCfg = Release|Any CPU
		{CCFAFB8A-2EC6-4544-9EC4-0AD87EC09915}.Release|Any CPU.Build.0 = Release|Any CPU
	EndGlobalSection
	GlobalSection(SolutionProperties) = preSolution
		HideSolutionNode = FALSE
	EndGlobalSection
	GlobalSection(ExtensibilityGlobals) = postSolution
		SolutionGuid = {681EEAF6-8673-44E0-9ECE-DF03DABC408F}
	EndGlobalSection
EndGlobal
