
Microsoft Visual Studio Solution File, Format Version 12.00
# Visual Studio Version 17
VisualStudioVersion = 17.14.36603.0 d17.14
MinimumVisualStudioVersion = 10.0.40219.1
Project("{FAE04EC0-301F-11D3-BF4B-00C04F79EFBC}") = "orden", "orden\orden.csproj", "{373A99C4-162E-44ED-B906-B5862AE6C2C3}"
EndProject
Global
	GlobalSection(SolutionConfigurationPlatforms) = preSolution
		Debug|Any CPU = Debug|Any CPU
		Release|Any CPU = Release|Any CPU
	EndGlobalSection
	GlobalSection(ProjectConfigurationPlatforms) = postSolution
		{373A99C4-162E-44ED-B906-B5862AE6C2C3}.Debug|Any CPU.ActiveCfg = Debug|Any CPU
		{373A99C4-162E-44ED-B906-B5862AE6C2C3}.Debug|Any CPU.Build.0 = Debug|Any CPU
		{373A99C4-162E-44ED-B906-B5862AE6C2C3}.Release|Any CPU.ActiveCfg = Release|Any CPU
		{373A99C4-162E-44ED-B906-B5862AE6C2C3}.Release|Any CPU.Build.0 = Release|Any CPU
	EndGlobalSection
	GlobalSection(SolutionProperties) = preSolution
		HideSolutionNode = FALSE
	EndGlobalSection
	GlobalSection(ExtensibilityGlobals) = postSolution
		SolutionGuid = {AFBB78D0-B22C-43FA-A34C-AE4B06BFAF77}
	EndGlobalSection
EndGlobal
